// !$*UTF8*$!
{
	archiveVersion = 1;
	classes = {
	};
	objectVersion = 56;
	objects = {

/* Begin PBXBuildFile section */
		80C5471D2867FE2E00A42297 /* AppDelegate.swift in Sources */ = {isa = PBXBuildFile; fileRef = 80C5471C2867FE2E00A42297 /* AppDelegate.swift */; };
		80C5471F2867FE2E00A42297 /* SceneDelegate.swift in Sources */ = {isa = PBXBuildFile; fileRef = 80C5471E2867FE2E00A42297 /* SceneDelegate.swift */; };
		80C547212867FE2E00A42297 /* MainViewController.swift in Sources */ = {isa = PBXBuildFile; fileRef = 80C547202867FE2E00A42297 /* MainViewController.swift */; };
		80C547262867FE2F00A42297 /* Assets.xcassets in Resources */ = {isa = PBXBuildFile; fileRef = 80C547252867FE2F00A42297 /* Assets.xcassets */; };
		80C547342867FE2F00A42297 /* TodoCombine-Tests.swift in Sources */ = {isa = PBXBuildFile; fileRef = 80C547332867FE2F00A42297 /* TodoCombine-Tests.swift */; };
		80C547512868029300A42297 /* BaseViewController.swift in Sources */ = {isa = PBXBuildFile; fileRef = 80C547502868029300A42297 /* BaseViewController.swift */; };
		80C547532868038000A42297 /* BaseView.swift in Sources */ = {isa = PBXBuildFile; fileRef = 80C547522868038000A42297 /* BaseView.swift */; };
		80C547552868064300A42297 /* MainView.swift in Sources */ = {isa = PBXBuildFile; fileRef = 80C547542868064300A42297 /* MainView.swift */; };
		80C547572868087200A42297 /* AutoLayoutExtensions.swift in Sources */ = {isa = PBXBuildFile; fileRef = 80C547562868087200A42297 /* AutoLayoutExtensions.swift */; };
/* End PBXBuildFile section */

/* Begin PBXContainerItemProxy section */
		80C547302867FE2F00A42297 /* PBXContainerItemProxy */ = {
			isa = PBXContainerItemProxy;
			containerPortal = 80C547112867FE2E00A42297 /* Project object */;
			proxyType = 1;
			remoteGlobalIDString = 80C547182867FE2E00A42297;
			remoteInfo = "Todo-Combine";
		};
/* End PBXContainerItemProxy section */

/* Begin PBXFileReference section */
		80C547192867FE2E00A42297 /* Todo-Combine.app */ = {isa = PBXFileReference; explicitFileType = wrapper.application; includeInIndex = 0; path = "Todo-Combine.app"; sourceTree = BUILT_PRODUCTS_DIR; };
		80C5471C2867FE2E00A42297 /* AppDelegate.swift */ = {isa = PBXFileReference; lastKnownFileType = sourcecode.swift; path = AppDelegate.swift; sourceTree = "<group>"; };
		80C5471E2867FE2E00A42297 /* SceneDelegate.swift */ = {isa = PBXFileReference; lastKnownFileType = sourcecode.swift; path = SceneDelegate.swift; sourceTree = "<group>"; };
		80C547202867FE2E00A42297 /* MainViewController.swift */ = {isa = PBXFileReference; lastKnownFileType = sourcecode.swift; path = MainViewController.swift; sourceTree = "<group>"; };
		80C547252867FE2F00A42297 /* Assets.xcassets */ = {isa = PBXFileReference; lastKnownFileType = folder.assetcatalog; path = Assets.xcassets; sourceTree = "<group>"; };
		80C5472A2867FE2F00A42297 /* Info.plist */ = {isa = PBXFileReference; lastKnownFileType = text.plist.xml; path = Info.plist; sourceTree = "<group>"; };
		80C5472F2867FE2F00A42297 /* Todo-CombineTests.xctest */ = {isa = PBXFileReference; explicitFileType = wrapper.cfbundle; includeInIndex = 0; path = "Todo-CombineTests.xctest"; sourceTree = BUILT_PRODUCTS_DIR; };
		80C547332867FE2F00A42297 /* TodoCombine-Tests.swift */ = {isa = PBXFileReference; lastKnownFileType = sourcecode.swift; path = "TodoCombine-Tests.swift"; sourceTree = "<group>"; };
		80C547502868029300A42297 /* BaseViewController.swift */ = {isa = PBXFileReference; lastKnownFileType = sourcecode.swift; path = BaseViewController.swift; sourceTree = "<group>"; };
		80C547522868038000A42297 /* BaseView.swift */ = {isa = PBXFileReference; lastKnownFileType = sourcecode.swift; path = BaseView.swift; sourceTree = "<group>"; };
		80C547542868064300A42297 /* MainView.swift */ = {isa = PBXFileReference; lastKnownFileType = sourcecode.swift; path = MainView.swift; sourceTree = "<group>"; };
		80C547562868087200A42297 /* AutoLayoutExtensions.swift */ = {isa = PBXFileReference; lastKnownFileType = sourcecode.swift; path = AutoLayoutExtensions.swift; sourceTree = "<group>"; };
/* End PBXFileReference section */

/* Begin PBXFrameworksBuildPhase section */
		80C547162867FE2E00A42297 /* Frameworks */ = {
			isa = PBXFrameworksBuildPhase;
			buildActionMask = 2147483647;
			files = (
			);
			runOnlyForDeploymentPostprocessing = 0;
		};
		80C5472C2867FE2F00A42297 /* Frameworks */ = {
			isa = PBXFrameworksBuildPhase;
			buildActionMask = 2147483647;
			files = (
			);
			runOnlyForDeploymentPostprocessing = 0;
		};
/* End PBXFrameworksBuildPhase section */

/* Begin PBXGroup section */
		80C547102867FE2E00A42297 = {
			isa = PBXGroup;
			children = (
				80C5471B2867FE2E00A42297 /* Todo-Combine */,
				80C547322867FE2F00A42297 /* Todo-CombineTests */,
				80C5471A2867FE2E00A42297 /* Products */,
			);
			sourceTree = "<group>";
		};
		80C5471A2867FE2E00A42297 /* Products */ = {
			isa = PBXGroup;
			children = (
				80C547192867FE2E00A42297 /* Todo-Combine.app */,
				80C5472F2867FE2F00A42297 /* Todo-CombineTests.xctest */,
			);
			name = Products;
			sourceTree = "<group>";
		};
		80C5471B2867FE2E00A42297 /* Todo-Combine */ = {
			isa = PBXGroup;
			children = (
				80C5474C2868001100A42297 /* App Files */,
				80C5474E2868026B00A42297 /* Extensions */,
				80C5474D2868004300A42297 /* User Interface */,
			);
			path = "Todo-Combine";
			sourceTree = "<group>";
		};
		80C547322867FE2F00A42297 /* Todo-CombineTests */ = {
			isa = PBXGroup;
			children = (
				80C547332867FE2F00A42297 /* TodoCombine-Tests.swift */,
			);
			path = "Todo-CombineTests";
			sourceTree = "<group>";
		};
		80C5474C2868001100A42297 /* App Files */ = {
			isa = PBXGroup;
			children = (
				80C5471C2867FE2E00A42297 /* AppDelegate.swift */,
				80C547252867FE2F00A42297 /* Assets.xcassets */,
				80C5472A2867FE2F00A42297 /* Info.plist */,
				80C5471E2867FE2E00A42297 /* SceneDelegate.swift */,
			);
			path = "App Files";
			sourceTree = "<group>";
		};
		80C5474D2868004300A42297 /* User Interface */ = {
			isa = PBXGroup;
			children = (
				80C547542868064300A42297 /* MainView.swift */,
				80C547202867FE2E00A42297 /* MainViewController.swift */,
			);
			path = "User Interface";
			sourceTree = "<group>";
		};
		80C5474E2868026B00A42297 /* Extensions */ = {
			isa = PBXGroup;
			children = (
				80C5474F2868028600A42297 /* UIKit */,
			);
			path = Extensions;
			sourceTree = "<group>";
		};
		80C5474F2868028600A42297 /* UIKit */ = {
			isa = PBXGroup;
			children = (
				80C547562868087200A42297 /* AutoLayoutExtensions.swift */,
				80C547522868038000A42297 /* BaseView.swift */,
				80C547502868029300A42297 /* BaseViewController.swift */,
			);
			path = UIKit;
			sourceTree = "<group>";
		};
/* End PBXGroup section */

/* Begin PBXNativeTarget section */
		80C547182867FE2E00A42297 /* Todo-Combine */ = {
			isa = PBXNativeTarget;
			buildConfigurationList = 80C547432867FE2F00A42297 /* Build configuration list for PBXNativeTarget "Todo-Combine" */;
			buildPhases = (
				80C547152867FE2E00A42297 /* Sources */,
				80C547162867FE2E00A42297 /* Frameworks */,
				80C547172867FE2E00A42297 /* Resources */,
			);
			buildRules = (
			);
			dependencies = (
			);
			name = "Todo-Combine";
			productName = "Todo-Combine";
			productReference = 80C547192867FE2E00A42297 /* Todo-Combine.app */;
			productType = "com.apple.product-type.application";
		};
		80C5472E2867FE2F00A42297 /* Todo-CombineTests */ = {
			isa = PBXNativeTarget;
			buildConfigurationList = 80C547462867FE2F00A42297 /* Build configuration list for PBXNativeTarget "Todo-CombineTests" */;
			buildPhases = (
				80C5472B2867FE2F00A42297 /* Sources */,
				80C5472C2867FE2F00A42297 /* Frameworks */,
				80C5472D2867FE2F00A42297 /* Resources */,
			);
			buildRules = (
			);
			dependencies = (
				80C547312867FE2F00A42297 /* PBXTargetDependency */,
			);
			name = "Todo-CombineTests";
			productName = "Todo-CombineTests";
			productReference = 80C5472F2867FE2F00A42297 /* Todo-CombineTests.xctest */;
			productType = "com.apple.product-type.bundle.unit-test";
		};
/* End PBXNativeTarget section */

/* Begin PBXProject section */
		80C547112867FE2E00A42297 /* Project object */ = {
			isa = PBXProject;
			attributes = {
				BuildIndependentTargetsInParallel = 1;
				LastSwiftUpdateCheck = 1400;
				LastUpgradeCheck = 1400;
				TargetAttributes = {
					80C547182867FE2E00A42297 = {
						CreatedOnToolsVersion = 14.0;
					};
					80C5472E2867FE2F00A42297 = {
						CreatedOnToolsVersion = 14.0;
						TestTargetID = 80C547182867FE2E00A42297;
					};
				};
			};
			buildConfigurationList = 80C547142867FE2E00A42297 /* Build configuration list for PBXProject "Todo-Combine" */;
			compatibilityVersion = "Xcode 14.0";
			developmentRegion = en;
			hasScannedForEncodings = 0;
			knownRegions = (
				en,
				Base,
			);
			mainGroup = 80C547102867FE2E00A42297;
			productRefGroup = 80C5471A2867FE2E00A42297 /* Products */;
			projectDirPath = "";
			projectRoot = "";
			targets = (
				80C547182867FE2E00A42297 /* Todo-Combine */,
				80C5472E2867FE2F00A42297 /* Todo-CombineTests */,
			);
		};
/* End PBXProject section */

/* Begin PBXResourcesBuildPhase section */
		80C547172867FE2E00A42297 /* Resources */ = {
			isa = PBXResourcesBuildPhase;
			buildActionMask = 2147483647;
			files = (
				80C547262867FE2F00A42297 /* Assets.xcassets in Resources */,
			);
			runOnlyForDeploymentPostprocessing = 0;
		};
		80C5472D2867FE2F00A42297 /* Resources */ = {
			isa = PBXResourcesBuildPhase;
			buildActionMask = 2147483647;
			files = (
			);
			runOnlyForDeploymentPostprocessing = 0;
		};
/* End PBXResourcesBuildPhase section */

/* Begin PBXSourcesBuildPhase section */
		80C547152867FE2E00A42297 /* Sources */ = {
			isa = PBXSourcesBuildPhase;
			buildActionMask = 2147483647;
			files = (
				80C547212867FE2E00A42297 /* MainViewController.swift in Sources */,
				80C547552868064300A42297 /* MainView.swift in Sources */,
				80C547512868029300A42297 /* BaseViewController.swift in Sources */,
				80C547572868087200A42297 /* AutoLayoutExtensions.swift in Sources */,
				80C547532868038000A42297 /* BaseView.swift in Sources */,
				80C5471D2867FE2E00A42297 /* AppDelegate.swift in Sources */,
				80C5471F2867FE2E00A42297 /* SceneDelegate.swift in Sources */,
			);
			runOnlyForDeploymentPostprocessing = 0;
		};
		80C5472B2867FE2F00A42297 /* Sources */ = {
			isa = PBXSourcesBuildPhase;
			buildActionMask = 2147483647;
			files = (
				80C547342867FE2F00A42297 /* TodoCombine-Tests.swift in Sources */,
			);
			runOnlyForDeploymentPostprocessing = 0;
		};
/* End PBXSourcesBuildPhase section */

/* Begin PBXTargetDependency section */
		80C547312867FE2F00A42297 /* PBXTargetDependency */ = {
			isa = PBXTargetDependency;
			target = 80C547182867FE2E00A42297 /* Todo-Combine */;
			targetProxy = 80C547302867FE2F00A42297 /* PBXContainerItemProxy */;
		};
/* End PBXTargetDependency section */

/* Begin XCBuildConfiguration section */
		80C547412867FE2F00A42297 /* Debug */ = {
			isa = XCBuildConfiguration;
			buildSettings = {
				ALWAYS_SEARCH_USER_PATHS = NO;
				CLANG_ANALYZER_NONNULL = YES;
				CLANG_ANALYZER_NUMBER_OBJECT_CONVERSION = YES_AGGRESSIVE;
				CLANG_CXX_LANGUAGE_STANDARD = "gnu++17";
				CLANG_ENABLE_MODULES = YES;
				CLANG_ENABLE_OBJC_ARC = YES;
				CLANG_ENABLE_OBJC_WEAK = YES;
				CLANG_WARN_BLOCK_CAPTURE_AUTORELEASING = YES;
				CLANG_WARN_BOOL_CONVERSION = YES;
				CLANG_WARN_COMMA = YES;
				CLANG_WARN_CONSTANT_CONVERSION = YES;
				CLANG_WARN_DEPRECATED_OBJC_IMPLEMENTATIONS = YES;
				CLANG_WARN_DIRECT_OBJC_ISA_USAGE = YES_ERROR;
				CLANG_WARN_DOCUMENTATION_COMMENTS = YES;
				CLANG_WARN_EMPTY_BODY = YES;
				CLANG_WARN_ENUM_CONVERSION = YES;
				CLANG_WARN_INFINITE_RECURSION = YES;
				CLANG_WARN_INT_CONVERSION = YES;
				CLANG_WARN_NON_LITERAL_NULL_CONVERSION = YES;
				CLANG_WARN_OBJC_IMPLICIT_RETAIN_SELF = YES;
				CLANG_WARN_OBJC_LITERAL_CONVERSION = YES;
				CLANG_WARN_OBJC_ROOT_CLASS = YES_ERROR;
				CLANG_WARN_QUOTED_INCLUDE_IN_FRAMEWORK_HEADER = YES;
				CLANG_WARN_RANGE_LOOP_ANALYSIS = YES;
				CLANG_WARN_STRICT_PROTOTYPES = YES;
				CLANG_WARN_SUSPICIOUS_MOVE = YES;
				CLANG_WARN_UNGUARDED_AVAILABILITY = YES_AGGRESSIVE;
				CLANG_WARN_UNREACHABLE_CODE = YES;
				CLANG_WARN__DUPLICATE_METHOD_MATCH = YES;
				COPY_PHASE_STRIP = NO;
				DEBUG_INFORMATION_FORMAT = dwarf;
				ENABLE_STRICT_OBJC_MSGSEND = YES;
				ENABLE_TESTABILITY = YES;
				GCC_C_LANGUAGE_STANDARD = gnu11;
				GCC_DYNAMIC_NO_PIC = NO;
				GCC_NO_COMMON_BLOCKS = YES;
				GCC_OPTIMIZATION_LEVEL = 0;
				GCC_PREPROCESSOR_DEFINITIONS = (
					"DEBUG=1",
					"$(inherited)",
				);
				GCC_WARN_64_TO_32_BIT_CONVERSION = YES;
				GCC_WARN_ABOUT_RETURN_TYPE = YES_ERROR;
				GCC_WARN_UNDECLARED_SELECTOR = YES;
				GCC_WARN_UNINITIALIZED_AUTOS = YES_AGGRESSIVE;
				GCC_WARN_UNUSED_FUNCTION = YES;
				GCC_WARN_UNUSED_VARIABLE = YES;
				IPHONEOS_DEPLOYMENT_TARGET = 16.0;
				MTL_ENABLE_DEBUG_INFO = INCLUDE_SOURCE;
				MTL_FAST_MATH = YES;
				ONLY_ACTIVE_ARCH = YES;
				SDKROOT = iphoneos;
				SWIFT_ACTIVE_COMPILATION_CONDITIONS = DEBUG;
				SWIFT_OPTIMIZATION_LEVEL = "-Onone";
			};
			name = Debug;
		};
		80C547422867FE2F00A42297 /* Release */ = {
			isa = XCBuildConfiguration;
			buildSettings = {
				ALWAYS_SEARCH_USER_PATHS = NO;
				CLANG_ANALYZER_NONNULL = YES;
				CLANG_ANALYZER_NUMBER_OBJECT_CONVERSION = YES_AGGRESSIVE;
				CLANG_CXX_LANGUAGE_STANDARD = "gnu++17";
				CLANG_ENABLE_MODULES = YES;
				CLANG_ENABLE_OBJC_ARC = YES;
				CLANG_ENABLE_OBJC_WEAK = YES;
				CLANG_WARN_BLOCK_CAPTURE_AUTORELEASING = YES;
				CLANG_WARN_BOOL_CONVERSION = YES;
				CLANG_WARN_COMMA = YES;
				CLANG_WARN_CONSTANT_CONVERSION = YES;
				CLANG_WARN_DEPRECATED_OBJC_IMPLEMENTATIONS = YES;
				CLANG_WARN_DIRECT_OBJC_ISA_USAGE = YES_ERROR;
				CLANG_WARN_DOCUMENTATION_COMMENTS = YES;
				CLANG_WARN_EMPTY_BODY = YES;
				CLANG_WARN_ENUM_CONVERSION = YES;
				CLANG_WARN_INFINITE_RECURSION = YES;
				CLANG_WARN_INT_CONVERSION = YES;
				CLANG_WARN_NON_LITERAL_NULL_CONVERSION = YES;
				CLANG_WARN_OBJC_IMPLICIT_RETAIN_SELF = YES;
				CLANG_WARN_OBJC_LITERAL_CONVERSION = YES;
				CLANG_WARN_OBJC_ROOT_CLASS = YES_ERROR;
				CLANG_WARN_QUOTED_INCLUDE_IN_FRAMEWORK_HEADER = YES;
				CLANG_WARN_RANGE_LOOP_ANALYSIS = YES;
				CLANG_WARN_STRICT_PROTOTYPES = YES;
				CLANG_WARN_SUSPICIOUS_MOVE = YES;
				CLANG_WARN_UNGUARDED_AVAILABILITY = YES_AGGRESSIVE;
				CLANG_WARN_UNREACHABLE_CODE = YES;
				CLANG_WARN__DUPLICATE_METHOD_MATCH = YES;
				COPY_PHASE_STRIP = NO;
				DEBUG_INFORMATION_FORMAT = "dwarf-with-dsym";
				ENABLE_NS_ASSERTIONS = NO;
				ENABLE_STRICT_OBJC_MSGSEND = YES;
				GCC_C_LANGUAGE_STANDARD = gnu11;
				GCC_NO_COMMON_BLOCKS = YES;
				GCC_WARN_64_TO_32_BIT_CONVERSION = YES;
				GCC_WARN_ABOUT_RETURN_TYPE = YES_ERROR;
				GCC_WARN_UNDECLARED_SELECTOR = YES;
				GCC_WARN_UNINITIALIZED_AUTOS = YES_AGGRESSIVE;
				GCC_WARN_UNUSED_FUNCTION = YES;
				GCC_WARN_UNUSED_VARIABLE = YES;
				IPHONEOS_DEPLOYMENT_TARGET = 16.0;
				MTL_ENABLE_DEBUG_INFO = NO;
				MTL_FAST_MATH = YES;
				SDKROOT = iphoneos;
				SWIFT_COMPILATION_MODE = wholemodule;
				SWIFT_OPTIMIZATION_LEVEL = "-O";
				VALIDATE_PRODUCT = YES;
			};
			name = Release;
		};
		80C547442867FE2F00A42297 /* Debug */ = {
			isa = XCBuildConfiguration;
			buildSettings = {
				ASSETCATALOG_COMPILER_APPICON_NAME = AppIcon;
				ASSETCATALOG_COMPILER_GLOBAL_ACCENT_COLOR_NAME = AccentColor;
				CODE_SIGN_STYLE = Automatic;
				CURRENT_PROJECT_VERSION = 1;
				DEVELOPMENT_TEAM = 78CW4BPHYV;
				GENERATE_INFOPLIST_FILE = YES;
				INFOPLIST_FILE = "Todo-Combine/App Files/Info.plist";
				INFOPLIST_KEY_UIApplicationSupportsIndirectInputEvents = YES;
				INFOPLIST_KEY_UISupportedInterfaceOrientations_iPad = "UIInterfaceOrientationPortrait UIInterfaceOrientationPortraitUpsideDown UIInterfaceOrientationLandscapeLeft UIInterfaceOrientationLandscapeRight";
				INFOPLIST_KEY_UISupportedInterfaceOrientations_iPhone = "UIInterfaceOrientationPortrait UIInterfaceOrientationLandscapeLeft UIInterfaceOrientationLandscapeRight";
				LD_RUNPATH_SEARCH_PATHS = (
					"$(inherited)",
					"@executable_path/Frameworks",
				);
				MARKETING_VERSION = 1.0;
				PRODUCT_BUNDLE_IDENTIFIER = "com.rlziii.Todo-Combine";
				PRODUCT_NAME = "$(TARGET_NAME)";
				SWIFT_EMIT_LOC_STRINGS = YES;
				SWIFT_VERSION = 5.0;
				TARGETED_DEVICE_FAMILY = "1,2";
			};
			name = Debug;
		};
		80C547452867FE2F00A42297 /* Release */ = {
			isa = XCBuildConfiguration;
			buildSettings = {
				ASSETCATALOG_COMPILER_APPICON_NAME = AppIcon;
				ASSETCATALOG_COMPILER_GLOBAL_ACCENT_COLOR_NAME = AccentColor;
				CODE_SIGN_STYLE = Automatic;
				CURRENT_PROJECT_VERSION = 1;
				DEVELOPMENT_TEAM = 78CW4BPHYV;
				GENERATE_INFOPLIST_FILE = YES;
				INFOPLIST_FILE = "Todo-Combine/App Files/Info.plist";
				INFOPLIST_KEY_UIApplicationSupportsIndirectInputEvents = YES;
				INFOPLIST_KEY_UISupportedInterfaceOrientations_iPad = "UIInterfaceOrientationPortrait UIInterfaceOrientationPortraitUpsideDown UIInterfaceOrientationLandscapeLeft UIInterfaceOrientationLandscapeRight";
				INFOPLIST_KEY_UISupportedInterfaceOrientations_iPhone = "UIInterfaceOrientationPortrait UIInterfaceOrientationLandscapeLeft UIInterfaceOrientationLandscapeRight";
				LD_RUNPATH_SEARCH_PATHS = (
					"$(inherited)",
					"@executable_path/Frameworks",
				);
				MARKETING_VERSION = 1.0;
				PRODUCT_BUNDLE_IDENTIFIER = "com.rlziii.Todo-Combine";
				PRODUCT_NAME = "$(TARGET_NAME)";
				SWIFT_EMIT_LOC_STRINGS = YES;
				SWIFT_VERSION = 5.0;
				TARGETED_DEVICE_FAMILY = "1,2";
			};
			name = Release;
		};
		80C547472867FE2F00A42297 /* Debug */ = {
			isa = XCBuildConfiguration;
			buildSettings = {
				ALWAYS_EMBED_SWIFT_STANDARD_LIBRARIES = YES;
				BUNDLE_LOADER = "$(TEST_HOST)";
				CODE_SIGN_STYLE = Automatic;
				CURRENT_PROJECT_VERSION = 1;
				DEVELOPMENT_TEAM = 78CW4BPHYV;
				GENERATE_INFOPLIST_FILE = YES;
				IPHONEOS_DEPLOYMENT_TARGET = 16.0;
				MARKETING_VERSION = 1.0;
				PRODUCT_BUNDLE_IDENTIFIER = "com.rlziii.Todo-CombineTests";
				PRODUCT_NAME = "$(TARGET_NAME)";
				SWIFT_EMIT_LOC_STRINGS = NO;
				SWIFT_VERSION = 5.0;
				TARGETED_DEVICE_FAMILY = "1,2";
				TEST_HOST = "$(BUILT_PRODUCTS_DIR)/Todo-Combine.app/$(BUNDLE_EXECUTABLE_FOLDER_PATH)/Todo-Combine";
			};
			name = Debug;
		};
		80C547482867FE2F00A42297 /* Release */ = {
			isa = XCBuildConfiguration;
			buildSettings = {
				ALWAYS_EMBED_SWIFT_STANDARD_LIBRARIES = YES;
				BUNDLE_LOADER = "$(TEST_HOST)";
				CODE_SIGN_STYLE = Automatic;
				CURRENT_PROJECT_VERSION = 1;
				DEVELOPMENT_TEAM = 78CW4BPHYV;
				GENERATE_INFOPLIST_FILE = YES;
				IPHONEOS_DEPLOYMENT_TARGET = 16.0;
				MARKETING_VERSION = 1.0;
				PRODUCT_BUNDLE_IDENTIFIER = "com.rlziii.Todo-CombineTests";
				PRODUCT_NAME = "$(TARGET_NAME)";
				SWIFT_EMIT_LOC_STRINGS = NO;
				SWIFT_VERSION = 5.0;
				TARGETED_DEVICE_FAMILY = "1,2";
				TEST_HOST = "$(BUILT_PRODUCTS_DIR)/Todo-Combine.app/$(BUNDLE_EXECUTABLE_FOLDER_PATH)/Todo-Combine";
			};
			name = Release;
		};
/* End XCBuildConfiguration section */

/* Begin XCConfigurationList section */
		80C547142867FE2E00A42297 /* Build configuration list for PBXProject "Todo-Combine" */ = {
			isa = XCConfigurationList;
			buildConfigurations = (
				80C547412867FE2F00A42297 /* Debug */,
				80C547422867FE2F00A42297 /* Release */,
			);
			defaultConfigurationIsVisible = 0;
			defaultConfigurationName = Release;
		};
		80C547432867FE2F00A42297 /* Build configuration list for PBXNativeTarget "Todo-Combine" */ = {
			isa = XCConfigurationList;
			buildConfigurations = (
				80C547442867FE2F00A42297 /* Debug */,
				80C547452867FE2F00A42297 /* Release */,
			);
			defaultConfigurationIsVisible = 0;
			defaultConfigurationName = Release;
		};
		80C547462867FE2F00A42297 /* Build configuration list for PBXNativeTarget "Todo-CombineTests" */ = {
			isa = XCConfigurationList;
			buildConfigurations = (
				80C547472867FE2F00A42297 /* Debug */,
				80C547482867FE2F00A42297 /* Release */,
			);
			defaultConfigurationIsVisible = 0;
			defaultConfigurationName = Release;
		};
/* End XCConfigurationList section */
	};
	rootObject = 80C547112867FE2E00A42297 /* Project object */;
}
